
Microsoft Visual Studio Solution File, Format Version 12.00
# Visual Studio Version 17
VisualStudioVersion = 17.5.002.0
MinimumVisualStudioVersion = 10.0.40219.1
Project("{9A19103F-16F7-4668-BE54-9A1E7A4F7556}") = "Foundation1", "Foundation1.csproj", "{B70897FD-823C-4461-8152-B8895F9D0618}"
EndProject
Global
	GlobalSection(SolutionConfigurationPlatforms) = preSolution
		Debug|Any CPU = Debug|Any CPU
		Release|Any CPU = Release|Any CPU
	EndGlobalSection
	GlobalSection(ProjectConfigurationPlatforms) = postSolution
		{B70897FD-823C-4461-8152-B8895F9D0618}.Debug|Any CPU.ActiveCfg = Debug|Any CPU
		{B70897FD-823C-4461-8152-B8895F9D0618}.Debug|Any CPU.Build.0 = Debug|Any CPU
		{B70897FD-823C-4461-8152-B8895F9D0618}.Release|Any CPU.ActiveCfg = Release|Any CPU
		{B70897FD-823C-4461-8152-B8895F9D0618}.Release|Any CPU.Build.0 = Release|Any CPU
	EndGlobalSection
	GlobalSection(SolutionProperties) = preSolution
		HideSolutionNode = FALSE
	EndGlobalSection
	GlobalSection(ExtensibilityGlobals) = postSolution
		SolutionGuid = {7BD4BCEF-8D99-450D-BFCC-1F279E51E448}
	EndGlobalSection
EndGlobal
